
Microsoft Visual Studio Solution File, Format Version 12.00
# Visual Studio Version 17
VisualStudioVersion = 17.14.37012.4 d17.14
MinimumVisualStudioVersion = 10.0.40219.1
Project("{2150E333-8FDC-42A3-9474-1A3956D46DE8}") = "ANTES - MATERIAL DO ALUNO", "ANTES - MATERIAL DO ALUNO", "{642D1D7B-D13B-4C3C-878F-CEF58A9AF0BD}"
EndProject
Project("{2150E333-8FDC-42A3-9474-1A3956D46DE8}") = "Item00 - Projeto Inicial", "Item00 - Projeto Inicial", "{56669925-D333-4B4C-BA64-09D796D62947}"
EndProject
Project("{2150E333-8FDC-42A3-9474-1A3956D46DE8}") = "Item01 - Instalando ASP.NET Core Identity", "Item01 - Instalando ASP.NET Core Identity", "{474D0B6A-5800-41C5-93F3-BE8336759162}"
EndProject
Project("{2150E333-8FDC-42A3-9474-1A3956D46DE8}") = "Item02 - Integrando ao Projeto", "Item02 - Integrando ao Projeto", "{EA09FA2D-1DA2-4B9F-8E52-7C55AE6B0C77}"
EndProject
Project("{9A19103F-16F7-4668-BE54-9A1E7A4F7556}") = "CasaDoCodigo.MVC", "antes\Item00\CasaDoCodigo\CasaDoCodigo.MVC.csproj", "{B5EA3A80-0468-4B4F-8BA6-BCC24AB4387E}"
EndProject
Project("{9A19103F-16F7-4668-BE54-9A1E7A4F7556}") = "CasaDoCodigo.MVC", "antes\Item01\CasaDoCodigo\CasaDoCodigo.MVC.csproj", "{9811934C-6517-45DE-8C58-6B3099E8BFDC}"
EndProject
Project("{9A19103F-16F7-4668-BE54-9A1E7A4F7556}") = "CasaDoCodigo.MVC", "antes\Item02\CasaDoCodigo\CasaDoCodigo.MVC.csproj", "{993B65BA-04E5-45D1-8248-B8FBA991491D}"
EndProject
Global
	GlobalSection(SolutionConfigurationPlatforms) = preSolution
		Debug|Any CPU = Debug|Any CPU
		Release|Any CPU = Release|Any CPU
	EndGlobalSection
	GlobalSection(ProjectConfigurationPlatforms) = postSolution
		{B5EA3A80-0468-4B4F-8BA6-BCC24AB4387E}.Debug|Any CPU.ActiveCfg = Debug|Any CPU
		{B5EA3A80-0468-4B4F-8BA6-BCC24AB4387E}.Debug|Any CPU.Build.0 = Debug|Any CPU
		{B5EA3A80-0468-4B4F-8BA6-BCC24AB4387E}.Release|Any CPU.ActiveCfg = Release|Any CPU
		{B5EA3A80-0468-4B4F-8BA6-BCC24AB4387E}.Release|Any CPU.Build.0 = Release|Any CPU
		{9811934C-6517-45DE-8C58-6B3099E8BFDC}.Debug|Any CPU.ActiveCfg = Debug|Any CPU
		{9811934C-6517-45DE-8C58-6B3099E8BFDC}.Debug|Any CPU.Build.0 = Debug|Any CPU
		{9811934C-6517-45DE-8C58-6B3099E8BFDC}.Release|Any CPU.ActiveCfg = Release|Any CPU
		{9811934C-6517-45DE-8C58-6B3099E8BFDC}.Release|Any CPU.Build.0 = Release|Any CPU
		{993B65BA-04E5-45D1-8248-B8FBA991491D}.Debug|Any CPU.ActiveCfg = Debug|Any CPU
		{993B65BA-04E5-45D1-8248-B8FBA991491D}.Debug|Any CPU.Build.0 = Debug|Any CPU
		{993B65BA-04E5-45D1-8248-B8FBA991491D}.Release|Any CPU.ActiveCfg = Release|Any CPU
		{993B65BA-04E5-45D1-8248-B8FBA991491D}.Release|Any CPU.Build.0 = Release|Any CPU
	EndGlobalSection
	GlobalSection(SolutionProperties) = preSolution
		HideSolutionNode = FALSE
	EndGlobalSection
	GlobalSection(NestedProjects) = preSolution
		{56669925-D333-4B4C-BA64-09D796D62947} = {642D1D7B-D13B-4C3C-878F-CEF58A9AF0BD}
		{474D0B6A-5800-41C5-93F3-BE8336759162} = {642D1D7B-D13B-4C3C-878F-CEF58A9AF0BD}
		{EA09FA2D-1DA2-4B9F-8E52-7C55AE6B0C77} = {642D1D7B-D13B-4C3C-878F-CEF58A9AF0BD}
		{B5EA3A80-0468-4B4F-8BA6-BCC24AB4387E} = {56669925-D333-4B4C-BA64-09D796D62947}
		{9811934C-6517-45DE-8C58-6B3099E8BFDC} = {474D0B6A-5800-41C5-93F3-BE8336759162}
		{993B65BA-04E5-45D1-8248-B8FBA991491D} = {EA09FA2D-1DA2-4B9F-8E52-7C55AE6B0C77}
	EndGlobalSection
	GlobalSection(ExtensibilityGlobals) = postSolution
		SolutionGuid = {E6252B83-4D85-46E0-9FC0-818D66E88BF6}
	EndGlobalSection
EndGlobal
